
Microsoft Visual Studio Solution File, Format Version 12.00
# Visual Studio Version 16
VisualStudioVersion = 16.0.29318.209
MinimumVisualStudioVersion = 10.0.40219.1
Project("{9A19103F-16F7-4668-BE54-9A1E7A4F7556}") = "Grocery_Store", "Grocery_Store\Grocery_Store.csproj", "{C74A1008-0B8C-4238-BA69-1AAAB8DF018B}"
EndProject
Project("{9A19103F-16F7-4668-BE54-9A1E7A4F7556}") = "Grocery_Store.Api", "Grocery_Store.Api\Grocery_Store.Api.csproj", "{82468116-66D4-40D1-B7CD-75A549DC6E4F}"
EndProject
Project("{9A19103F-16F7-4668-BE54-9A1E7A4F7556}") = "Grocery_Store.Web", "Grocery_Store.Web\Grocery_Store.Web.csproj", "{516FFF3E-6AF3-4E89-A4E1-DA391F709561}"
EndProject
Project("{FAE04EC0-301F-11D3-BF4B-00C04F79EFBC}") = "Grocery_Store.Data", "Grocery_Store.Data\Grocery_Store.Data.csproj", "{8C8386ED-412B-4B5F-B067-1C0CB6322822}"
EndProject
Global
	GlobalSection(SolutionConfigurationPlatforms) = preSolution
		Debug|Any CPU = Debug|Any CPU
		Release|Any CPU = Release|Any CPU
	EndGlobalSection
	GlobalSection(ProjectConfigurationPlatforms) = postSolution
		{C74A1008-0B8C-4238-BA69-1AAAB8DF018B}.Debug|Any CPU.ActiveCfg = Debug|Any CPU
		{C74A1008-0B8C-4238-BA69-1AAAB8DF018B}.Debug|Any CPU.Build.0 = Debug|Any CPU
		{C74A1008-0B8C-4238-BA69-1AAAB8DF018B}.Release|Any CPU.ActiveCfg = Release|Any CPU
		{C74A1008-0B8C-4238-BA69-1AAAB8DF018B}.Release|Any CPU.Build.0 = Release|Any CPU
		{82468116-66D4-40D1-B7CD-75A549DC6E4F}.Debug|Any CPU.ActiveCfg = Debug|Any CPU
		{82468116-66D4-40D1-B7CD-75A549DC6E4F}.Debug|Any CPU.Build.0 = Debug|Any CPU
		{82468116-66D4-40D1-B7CD-75A549DC6E4F}.Release|Any CPU.ActiveCfg = Release|Any CPU
		{82468116-66D4-40D1-B7CD-75A549DC6E4F}.Release|Any CPU.Build.0 = Release|Any CPU
		{516FFF3E-6AF3-4E89-A4E1-DA391F709561}.Debug|Any CPU.ActiveCfg = Debug|Any CPU
		{516FFF3E-6AF3-4E89-A4E1-DA391F709561}.Debug|Any CPU.Build.0 = Debug|Any CPU
		{516FFF3E-6AF3-4E89-A4E1-DA391F709561}.Release|Any CPU.ActiveCfg = Release|Any CPU
		{516FFF3E-6AF3-4E89-A4E1-DA391F709561}.Release|Any CPU.Build.0 = Release|Any CPU
		{8C8386ED-412B-4B5F-B067-1C0CB6322822}.Debug|Any CPU.ActiveCfg = Debug|Any CPU
		{8C8386ED-412B-4B5F-B067-1C0CB6322822}.Debug|Any CPU.Build.0 = Debug|Any CPU
		{8C8386ED-412B-4B5F-B067-1C0CB6322822}.Release|Any CPU.ActiveCfg = Release|Any CPU
		{8C8386ED-412B-4B5F-B067-1C0CB6322822}.Release|Any CPU.Build.0 = Release|Any CPU
	EndGlobalSection
	GlobalSection(SolutionProperties) = preSolution
		HideSolutionNode = FALSE
	EndGlobalSection
	GlobalSection(ExtensibilityGlobals) = postSolution
		SolutionGuid = {D25C2C9C-4A2B-4A22-8458-45AB389D9E1B}
	EndGlobalSection
EndGlobal
